
Microsoft Visual Studio Solution File, Format Version 12.00
# Visual Studio Version 17
VisualStudioVersion = 17.3.32929.385
MinimumVisualStudioVersion = 10.0.40219.1
Project("{FAE04EC0-301F-11D3-BF4B-00C04F79EFBC}") = "MtsTestTasks.Task1", "MtsTestTasks.Task1\MtsTestTasks.Task1.csproj", "{AF32671F-07DE-44FF-B055-40E4E6F08C8C}"
EndProject
Project("{FAE04EC0-301F-11D3-BF4B-00C04F79EFBC}") = "MtsTestTasks.Task2", "MtsTestTasks.Task2\MtsTestTasks.Task2.csproj", "{56579684-744B-4AFA-97DC-7BD60234AA22}"
EndProject
Project("{FAE04EC0-301F-11D3-BF4B-00C04F79EFBC}") = "MtsTestTasks.Task3", "MtsTestTasks.Task3\MtsTestTasks.Task3.csproj", "{390F2F0A-A0FA-4252-B0FE-B9D2C345B6A1}"
EndProject
Project("{FAE04EC0-301F-11D3-BF4B-00C04F79EFBC}") = "MtsTestTasks.Task4", "MtsTestTasks.Task4\MtsTestTasks.Task4.csproj", "{04E19117-D1EE-44B8-B696-8F1CE458922A}"
EndProject
Project("{FAE04EC0-301F-11D3-BF4B-00C04F79EFBC}") = "MtsTestTasks.Task5", "MtsTestTasks.Task5\MtsTestTasks.Task5.csproj", "{C81026E7-8338-4D07-B7F1-F8078843E110}"
EndProject
Global
	GlobalSection(SolutionConfigurationPlatforms) = preSolution
		Debug|Any CPU = Debug|Any CPU
		Release|Any CPU = Release|Any CPU
	EndGlobalSection
	GlobalSection(ProjectConfigurationPlatforms) = postSolution
		{AF32671F-07DE-44FF-B055-40E4E6F08C8C}.Debug|Any CPU.ActiveCfg = Debug|Any CPU
		{AF32671F-07DE-44FF-B055-40E4E6F08C8C}.Debug|Any CPU.Build.0 = Debug|Any CPU
		{AF32671F-07DE-44FF-B055-40E4E6F08C8C}.Release|Any CPU.ActiveCfg = Release|Any CPU
		{AF32671F-07DE-44FF-B055-40E4E6F08C8C}.Release|Any CPU.Build.0 = Release|Any CPU
		{56579684-744B-4AFA-97DC-7BD60234AA22}.Debug|Any CPU.ActiveCfg = Debug|Any CPU
		{56579684-744B-4AFA-97DC-7BD60234AA22}.Debug|Any CPU.Build.0 = Debug|Any CPU
		{56579684-744B-4AFA-97DC-7BD60234AA22}.Release|Any CPU.ActiveCfg = Release|Any CPU
		{56579684-744B-4AFA-97DC-7BD60234AA22}.Release|Any CPU.Build.0 = Release|Any CPU
		{390F2F0A-A0FA-4252-B0FE-B9D2C345B6A1}.Debug|Any CPU.ActiveCfg = Debug|Any CPU
		{390F2F0A-A0FA-4252-B0FE-B9D2C345B6A1}.Debug|Any CPU.Build.0 = Debug|Any CPU
		{390F2F0A-A0FA-4252-B0FE-B9D2C345B6A1}.Release|Any CPU.ActiveCfg = Release|Any CPU
		{390F2F0A-A0FA-4252-B0FE-B9D2C345B6A1}.Release|Any CPU.Build.0 = Release|Any CPU
		{04E19117-D1EE-44B8-B696-8F1CE458922A}.Debug|Any CPU.ActiveCfg = Debug|Any CPU
		{04E19117-D1EE-44B8-B696-8F1CE458922A}.Debug|Any CPU.Build.0 = Debug|Any CPU
		{04E19117-D1EE-44B8-B696-8F1CE458922A}.Release|Any CPU.ActiveCfg = Release|Any CPU
		{04E19117-D1EE-44B8-B696-8F1CE458922A}.Release|Any CPU.Build.0 = Release|Any CPU
		{C81026E7-8338-4D07-B7F1-F8078843E110}.Debug|Any CPU.ActiveCfg = Debug|Any CPU
		{C81026E7-8338-4D07-B7F1-F8078843E110}.Debug|Any CPU.Build.0 = Debug|Any CPU
		{C81026E7-8338-4D07-B7F1-F8078843E110}.Release|Any CPU.ActiveCfg = Release|Any CPU
		{C81026E7-8338-4D07-B7F1-F8078843E110}.Release|Any CPU.Build.0 = Release|Any CPU
	EndGlobalSection
	GlobalSection(SolutionProperties) = preSolution
		HideSolutionNode = FALSE
	EndGlobalSection
	GlobalSection(ExtensibilityGlobals) = postSolution
		SolutionGuid = {39FA8E4D-6615-490B-A321-5F1288F923AE}
	EndGlobalSection
EndGlobal
